
Microsoft Visual Studio Solution File, Format Version 12.00
# Visual Studio Version 16
VisualStudioVersion = 16.0.31515.178
MinimumVisualStudioVersion = 10.0.40219.1
Project("{9A19103F-16F7-4668-BE54-9A1E7A4F7556}") = "ASPCoreApp", "ASPCoreApp.csproj", "{A993D8AA-C0C4-4B34-868B-E7CA0ABE59E2}"
EndProject
Global
	GlobalSection(SolutionConfigurationPlatforms) = preSolution
		Debug|Any CPU = Debug|Any CPU
		Release|Any CPU = Release|Any CPU
	EndGlobalSection
	GlobalSection(ProjectConfigurationPlatforms) = postSolution
		{A993D8AA-C0C4-4B34-868B-E7CA0ABE59E2}.Debug|Any CPU.ActiveCfg = Debug|Any CPU
		{A993D8AA-C0C4-4B34-868B-E7CA0ABE59E2}.Debug|Any CPU.Build.0 = Debug|Any CPU
		{A993D8AA-C0C4-4B34-868B-E7CA0ABE59E2}.Release|Any CPU.ActiveCfg = Release|Any CPU
		{A993D8AA-C0C4-4B34-868B-E7CA0ABE59E2}.Release|Any CPU.Build.0 = Release|Any CPU
	EndGlobalSection
	GlobalSection(SolutionProperties) = preSolution
		HideSolutionNode = FALSE
	EndGlobalSection
	GlobalSection(ExtensibilityGlobals) = postSolution
		SolutionGuid = {C48E0EA4-4516-45E0-B6E9-F3EBA443BC29}
	EndGlobalSection
EndGlobal
